# This file is automatically @generated by Cargo.
# It is not intended for manual editing.
version = 4

[[package]]
name = "snail-driver"
version = "0.1.0"

[[package]]
name = "snail-runner"
version = "0.1.0"
dependencies = [
 "snail-runtime",
]

[[package]]
name = "snail-runtime"
version = "0.1.0"
